
Microsoft Visual Studio Solution File, Format Version 12.00
# Visual Studio Version 16
VisualStudioVersion = 16.0.31702.278
MinimumVisualStudioVersion = 10.0.40219.1
Project("{FAE04EC0-301F-11D3-BF4B-00C04F79EFBC}") = "Formulário", "Formulário\Formulário.csproj", "{2D169C86-9EE3-4D78-BB97-71B0B29D9078}"
EndProject
Global
	GlobalSection(SolutionConfigurationPlatforms) = preSolution
		Debug|Any CPU = Debug|Any CPU
		Release|Any CPU = Release|Any CPU
	EndGlobalSection
	GlobalSection(ProjectConfigurationPlatforms) = postSolution
		{2D169C86-9EE3-4D78-BB97-71B0B29D9078}.Debug|Any CPU.ActiveCfg = Debug|Any CPU
		{2D169C86-9EE3-4D78-BB97-71B0B29D9078}.Debug|Any CPU.Build.0 = Debug|Any CPU
		{2D169C86-9EE3-4D78-BB97-71B0B29D9078}.Release|Any CPU.ActiveCfg = Release|Any CPU
		{2D169C86-9EE3-4D78-BB97-71B0B29D9078}.Release|Any CPU.Build.0 = Release|Any CPU
	EndGlobalSection
	GlobalSection(SolutionProperties) = preSolution
		HideSolutionNode = FALSE
	EndGlobalSection
	GlobalSection(ExtensibilityGlobals) = postSolution
		SolutionGuid = {0B91295D-7774-4A10-AF57-C52850898E72}
	EndGlobalSection
EndGlobal
